
Microsoft Visual Studio Solution File, Format Version 12.00
# Visual Studio Version 16
VisualStudioVersion = 16.0.30204.135
MinimumVisualStudioVersion = 10.0.40219.1
Project("{FAE04EC0-301F-11D3-BF4B-00C04F79EFBC}") = "EFCore.WebApi", "EFCore.WebApi\EFCore.WebApi.csproj", "{FDA20E61-6923-49A8-9446-428B7ECAD0E7}"
EndProject
Global
	GlobalSection(SolutionConfigurationPlatforms) = preSolution
		Debug|Any CPU = Debug|Any CPU
		Release|Any CPU = Release|Any CPU
	EndGlobalSection
	GlobalSection(ProjectConfigurationPlatforms) = postSolution
		{FDA20E61-6923-49A8-9446-428B7ECAD0E7}.Debug|Any CPU.ActiveCfg = Debug|Any CPU
		{FDA20E61-6923-49A8-9446-428B7ECAD0E7}.Debug|Any CPU.Build.0 = Debug|Any CPU
		{FDA20E61-6923-49A8-9446-428B7ECAD0E7}.Release|Any CPU.ActiveCfg = Release|Any CPU
		{FDA20E61-6923-49A8-9446-428B7ECAD0E7}.Release|Any CPU.Build.0 = Release|Any CPU
	EndGlobalSection
	GlobalSection(SolutionProperties) = preSolution
		HideSolutionNode = FALSE
	EndGlobalSection
	GlobalSection(ExtensibilityGlobals) = postSolution
		SolutionGuid = {8E6B8CC0-8B56-4A94-A7E2-9AD8CE953137}
	EndGlobalSection
EndGlobal
